
Microsoft Visual Studio Solution File, Format Version 12.00
# Visual Studio Version 17
VisualStudioVersion = 17.5.002.0
MinimumVisualStudioVersion = 10.0.40219.1
Project("{9A19103F-16F7-4668-BE54-9A1E7A4F7556}") = "Reborn.IdentityServer4.STS.Identity", "Reborn.IdentityServer4.STS.Identity.csproj", "{1DE66B6D-C171-4595-8506-EA159B9F4BB5}"
EndProject
Global
	GlobalSection(SolutionConfigurationPlatforms) = preSolution
		Debug|Any CPU = Debug|Any CPU
		Release|Any CPU = Release|Any CPU
	EndGlobalSection
	GlobalSection(ProjectConfigurationPlatforms) = postSolution
		{1DE66B6D-C171-4595-8506-EA159B9F4BB5}.Debug|Any CPU.ActiveCfg = Debug|Any CPU
		{1DE66B6D-C171-4595-8506-EA159B9F4BB5}.Debug|Any CPU.Build.0 = Debug|Any CPU
		{1DE66B6D-C171-4595-8506-EA159B9F4BB5}.Release|Any CPU.ActiveCfg = Release|Any CPU
		{1DE66B6D-C171-4595-8506-EA159B9F4BB5}.Release|Any CPU.Build.0 = Release|Any CPU
	EndGlobalSection
	GlobalSection(SolutionProperties) = preSolution
		HideSolutionNode = FALSE
	EndGlobalSection
	GlobalSection(ExtensibilityGlobals) = postSolution
		SolutionGuid = {B07B5FD7-76F5-4F96-B234-9F5684FE0AD4}
	EndGlobalSection
EndGlobal
